
Microsoft Visual Studio Solution File, Format Version 12.00
# Visual Studio 2012
Project("{FAE04EC0-301F-11D3-BF4B-00C04F79EFBC}") = "FootballApp.Test", "FootballApp.Test\FootballApp.Test.csproj", "{125DAA37-AF0C-4BF0-AB90-3FD93EC6DB40}"
EndProject
Project("{FAE04EC0-301F-11D3-BF4B-00C04F79EFBC}") = "FootballApp.Core", "FootballApp.Core\FootballApp.Core.csproj", "{335EC4BD-3CDE-47FD-9EEC-33CFBD38E6CB}"
EndProject
Global
	GlobalSection(SolutionConfigurationPlatforms) = preSolution
		Debug|Any CPU = Debug|Any CPU
		Release|Any CPU = Release|Any CPU
	EndGlobalSection
	GlobalSection(ProjectConfigurationPlatforms) = postSolution
		{125DAA37-AF0C-4BF0-AB90-3FD93EC6DB40}.Debug|Any CPU.ActiveCfg = Debug|Any CPU
		{125DAA37-AF0C-4BF0-AB90-3FD93EC6DB40}.Debug|Any CPU.Build.0 = Debug|Any CPU
		{125DAA37-AF0C-4BF0-AB90-3FD93EC6DB40}.Release|Any CPU.ActiveCfg = Release|Any CPU
		{125DAA37-AF0C-4BF0-AB90-3FD93EC6DB40}.Release|Any CPU.Build.0 = Release|Any CPU
		{335EC4BD-3CDE-47FD-9EEC-33CFBD38E6CB}.Debug|Any CPU.ActiveCfg = Debug|Any CPU
		{335EC4BD-3CDE-47FD-9EEC-33CFBD38E6CB}.Debug|Any CPU.Build.0 = Debug|Any CPU
		{335EC4BD-3CDE-47FD-9EEC-33CFBD38E6CB}.Release|Any CPU.ActiveCfg = Release|Any CPU
		{335EC4BD-3CDE-47FD-9EEC-33CFBD38E6CB}.Release|Any CPU.Build.0 = Release|Any CPU
	EndGlobalSection
	GlobalSection(SolutionProperties) = preSolution
		HideSolutionNode = FALSE
	EndGlobalSection
EndGlobal
